
Microsoft Visual Studio Solution File, Format Version 12.00
# Visual Studio Version 17
VisualStudioVersion = 17.10.35013.160
MinimumVisualStudioVersion = 10.0.40219.1
Project("{FAE04EC0-301F-11D3-BF4B-00C04F79EFBC}") = "TDataSlot", "TDataSlot.csproj", "{17C3BAF6-ADFB-454A-BB46-05DC38DC7701}"
EndProject
Global
	GlobalSection(SolutionConfigurationPlatforms) = preSolution
		Debug|Any CPU = Debug|Any CPU
		Release|Any CPU = Release|Any CPU
	EndGlobalSection
	GlobalSection(ProjectConfigurationPlatforms) = postSolution
		{17C3BAF6-ADFB-454A-BB46-05DC38DC7701}.Debug|Any CPU.ActiveCfg = Debug|Any CPU
		{17C3BAF6-ADFB-454A-BB46-05DC38DC7701}.Debug|Any CPU.Build.0 = Debug|Any CPU
		{17C3BAF6-ADFB-454A-BB46-05DC38DC7701}.Release|Any CPU.ActiveCfg = Release|Any CPU
		{17C3BAF6-ADFB-454A-BB46-05DC38DC7701}.Release|Any CPU.Build.0 = Release|Any CPU
	EndGlobalSection
	GlobalSection(SolutionProperties) = preSolution
		HideSolutionNode = FALSE
	EndGlobalSection
	GlobalSection(ExtensibilityGlobals) = postSolution
		SolutionGuid = {469F02FD-34DE-441A-BD97-56DA8B83053F}
	EndGlobalSection
EndGlobal
