
Microsoft Visual Studio Solution File, Format Version 12.00
# Visual Studio Version 17
VisualStudioVersion = 17.10.35013.160
MinimumVisualStudioVersion = 10.0.40219.1
Project("{FAE04EC0-301F-11D3-BF4B-00C04F79EFBC}") = "ConsoleApp1", "ConsoleApp1.csproj", "{2D0BFB2E-261A-43D5-9A7A-2BC3734D19E3}"
EndProject
Project("{FAE04EC0-301F-11D3-BF4B-00C04F79EFBC}") = "PingToServer", "..\PingToServer\PingToServer.csproj", "{B6FC493D-360D-43AE-991D-84C4BDF30479}"
EndProject
Project("{FAE04EC0-301F-11D3-BF4B-00C04F79EFBC}") = "Client", "..\Client\Client.csproj", "{B062318D-B010-4CF9-BC77-E16A619D4639}"
EndProject
Project("{FAE04EC0-301F-11D3-BF4B-00C04F79EFBC}") = "Server", "..\Server\Server.csproj", "{3B05915E-969C-46C3-95E6-27D826EC9CDF}"
EndProject
Global
	GlobalSection(SolutionConfigurationPlatforms) = preSolution
		Debug|Any CPU = Debug|Any CPU
		Release|Any CPU = Release|Any CPU
	EndGlobalSection
	GlobalSection(ProjectConfigurationPlatforms) = postSolution
		{2D0BFB2E-261A-43D5-9A7A-2BC3734D19E3}.Debug|Any CPU.ActiveCfg = Debug|Any CPU
		{2D0BFB2E-261A-43D5-9A7A-2BC3734D19E3}.Debug|Any CPU.Build.0 = Debug|Any CPU
		{2D0BFB2E-261A-43D5-9A7A-2BC3734D19E3}.Release|Any CPU.ActiveCfg = Release|Any CPU
		{2D0BFB2E-261A-43D5-9A7A-2BC3734D19E3}.Release|Any CPU.Build.0 = Release|Any CPU
		{B6FC493D-360D-43AE-991D-84C4BDF30479}.Debug|Any CPU.ActiveCfg = Debug|Any CPU
		{B6FC493D-360D-43AE-991D-84C4BDF30479}.Debug|Any CPU.Build.0 = Debug|Any CPU
		{B6FC493D-360D-43AE-991D-84C4BDF30479}.Release|Any CPU.ActiveCfg = Release|Any CPU
		{B6FC493D-360D-43AE-991D-84C4BDF30479}.Release|Any CPU.Build.0 = Release|Any CPU
		{B062318D-B010-4CF9-BC77-E16A619D4639}.Debug|Any CPU.ActiveCfg = Debug|Any CPU
		{B062318D-B010-4CF9-BC77-E16A619D4639}.Debug|Any CPU.Build.0 = Debug|Any CPU
		{B062318D-B010-4CF9-BC77-E16A619D4639}.Release|Any CPU.ActiveCfg = Release|Any CPU
		{B062318D-B010-4CF9-BC77-E16A619D4639}.Release|Any CPU.Build.0 = Release|Any CPU
		{3B05915E-969C-46C3-95E6-27D826EC9CDF}.Debug|Any CPU.ActiveCfg = Debug|Any CPU
		{3B05915E-969C-46C3-95E6-27D826EC9CDF}.Debug|Any CPU.Build.0 = Debug|Any CPU
		{3B05915E-969C-46C3-95E6-27D826EC9CDF}.Release|Any CPU.ActiveCfg = Release|Any CPU
		{3B05915E-969C-46C3-95E6-27D826EC9CDF}.Release|Any CPU.Build.0 = Release|Any CPU
	EndGlobalSection
	GlobalSection(SolutionProperties) = preSolution
		HideSolutionNode = FALSE
	EndGlobalSection
	GlobalSection(ExtensibilityGlobals) = postSolution
		SolutionGuid = {34626213-FB0C-41FF-AD55-F437F2A6C73B}
	EndGlobalSection
EndGlobal
