
Microsoft Visual Studio Solution File, Format Version 12.00
# Visual Studio Version 17
VisualStudioVersion = 17.10.35013.160
MinimumVisualStudioVersion = 10.0.40219.1
Project("{FAE04EC0-301F-11D3-BF4B-00C04F79EFBC}") = "Semaphores", "Semaphores.csproj", "{93CB98B3-6A20-4216-B78B-77F8FA341889}"
EndProject
Global
	GlobalSection(SolutionConfigurationPlatforms) = preSolution
		Debug|Any CPU = Debug|Any CPU
		Release|Any CPU = Release|Any CPU
	EndGlobalSection
	GlobalSection(ProjectConfigurationPlatforms) = postSolution
		{93CB98B3-6A20-4216-B78B-77F8FA341889}.Debug|Any CPU.ActiveCfg = Debug|Any CPU
		{93CB98B3-6A20-4216-B78B-77F8FA341889}.Debug|Any CPU.Build.0 = Debug|Any CPU
		{93CB98B3-6A20-4216-B78B-77F8FA341889}.Release|Any CPU.ActiveCfg = Release|Any CPU
		{93CB98B3-6A20-4216-B78B-77F8FA341889}.Release|Any CPU.Build.0 = Release|Any CPU
	EndGlobalSection
	GlobalSection(SolutionProperties) = preSolution
		HideSolutionNode = FALSE
	EndGlobalSection
	GlobalSection(ExtensibilityGlobals) = postSolution
		SolutionGuid = {D96A8D91-EDBD-48C2-AED4-5D7776656D79}
	EndGlobalSection
EndGlobal
