
Microsoft Visual Studio Solution File, Format Version 12.00
# Visual Studio Version 17
VisualStudioVersion = 17.10.35013.160
MinimumVisualStudioVersion = 10.0.40219.1
Project("{9A19103F-16F7-4668-BE54-9A1E7A4F7556}") = "DBProjects", "DBProjects.csproj", "{A572595F-941E-416F-8EF9-8C8EFE0E8D87}"
EndProject
Project("{9A19103F-16F7-4668-BE54-9A1E7A4F7556}") = "DBProj", "..\DBProj\DBProj.csproj", "{6A2351B1-D57F-4031-9732-CBD4DE28E53D}"
EndProject
Project("{9A19103F-16F7-4668-BE54-9A1E7A4F7556}") = "DBprj2", "..\DBprj2\DBprj2.csproj", "{C8CE090A-8C56-4AC2-ABCE-F6B0C695757F}"
EndProject
Project("{FAE04EC0-301F-11D3-BF4B-00C04F79EFBC}") = "DBProject3", "..\DBProject3\DBProject3.csproj", "{1988C2D2-4127-481F-8710-BC08C7330A2B}"
EndProject
Global
	GlobalSection(SolutionConfigurationPlatforms) = preSolution
		Debug|Any CPU = Debug|Any CPU
		Release|Any CPU = Release|Any CPU
	EndGlobalSection
	GlobalSection(ProjectConfigurationPlatforms) = postSolution
		{A572595F-941E-416F-8EF9-8C8EFE0E8D87}.Debug|Any CPU.ActiveCfg = Debug|Any CPU
		{A572595F-941E-416F-8EF9-8C8EFE0E8D87}.Debug|Any CPU.Build.0 = Debug|Any CPU
		{A572595F-941E-416F-8EF9-8C8EFE0E8D87}.Release|Any CPU.ActiveCfg = Release|Any CPU
		{A572595F-941E-416F-8EF9-8C8EFE0E8D87}.Release|Any CPU.Build.0 = Release|Any CPU
		{6A2351B1-D57F-4031-9732-CBD4DE28E53D}.Debug|Any CPU.ActiveCfg = Debug|Any CPU
		{6A2351B1-D57F-4031-9732-CBD4DE28E53D}.Debug|Any CPU.Build.0 = Debug|Any CPU
		{6A2351B1-D57F-4031-9732-CBD4DE28E53D}.Release|Any CPU.ActiveCfg = Release|Any CPU
		{6A2351B1-D57F-4031-9732-CBD4DE28E53D}.Release|Any CPU.Build.0 = Release|Any CPU
		{C8CE090A-8C56-4AC2-ABCE-F6B0C695757F}.Debug|Any CPU.ActiveCfg = Debug|Any CPU
		{C8CE090A-8C56-4AC2-ABCE-F6B0C695757F}.Debug|Any CPU.Build.0 = Debug|Any CPU
		{C8CE090A-8C56-4AC2-ABCE-F6B0C695757F}.Release|Any CPU.ActiveCfg = Release|Any CPU
		{C8CE090A-8C56-4AC2-ABCE-F6B0C695757F}.Release|Any CPU.Build.0 = Release|Any CPU
		{1988C2D2-4127-481F-8710-BC08C7330A2B}.Debug|Any CPU.ActiveCfg = Debug|Any CPU
		{1988C2D2-4127-481F-8710-BC08C7330A2B}.Debug|Any CPU.Build.0 = Debug|Any CPU
		{1988C2D2-4127-481F-8710-BC08C7330A2B}.Release|Any CPU.ActiveCfg = Release|Any CPU
		{1988C2D2-4127-481F-8710-BC08C7330A2B}.Release|Any CPU.Build.0 = Release|Any CPU
	EndGlobalSection
	GlobalSection(SolutionProperties) = preSolution
		HideSolutionNode = FALSE
	EndGlobalSection
	GlobalSection(ExtensibilityGlobals) = postSolution
		SolutionGuid = {CAA786A1-9422-4299-9D1D-ADB2E6DD979D}
	EndGlobalSection
EndGlobal
