
Microsoft Visual Studio Solution File, Format Version 12.00
# Visual Studio Version 17
VisualStudioVersion = 17.10.35013.160
MinimumVisualStudioVersion = 10.0.40219.1
Project("{FAE04EC0-301F-11D3-BF4B-00C04F79EFBC}") = "TMutex", "TMutex.csproj", "{EF1601D1-65C6-44E3-A1C8-8D9A00553178}"
EndProject
Project("{FAE04EC0-301F-11D3-BF4B-00C04F79EFBC}") = "TMutex2", "..\TMutex2\TMutex2.csproj", "{D845FBA6-E30F-4C66-9F72-88BE6BD77E22}"
EndProject
Project("{FAE04EC0-301F-11D3-BF4B-00C04F79EFBC}") = "TMutex3", "..\TMutex3\TMutex3.csproj", "{7C550CC2-8619-47D9-A2CD-CFC2FCD57077}"
EndProject
Project("{FAE04EC0-301F-11D3-BF4B-00C04F79EFBC}") = "TMutex4", "..\TMutex4\TMutex4.csproj", "{241A6532-69F3-4332-9147-22EF18C5D77F}"
EndProject
Global
	GlobalSection(SolutionConfigurationPlatforms) = preSolution
		Debug|Any CPU = Debug|Any CPU
		Release|Any CPU = Release|Any CPU
	EndGlobalSection
	GlobalSection(ProjectConfigurationPlatforms) = postSolution
		{EF1601D1-65C6-44E3-A1C8-8D9A00553178}.Debug|Any CPU.ActiveCfg = Debug|Any CPU
		{EF1601D1-65C6-44E3-A1C8-8D9A00553178}.Debug|Any CPU.Build.0 = Debug|Any CPU
		{EF1601D1-65C6-44E3-A1C8-8D9A00553178}.Release|Any CPU.ActiveCfg = Release|Any CPU
		{EF1601D1-65C6-44E3-A1C8-8D9A00553178}.Release|Any CPU.Build.0 = Release|Any CPU
		{D845FBA6-E30F-4C66-9F72-88BE6BD77E22}.Debug|Any CPU.ActiveCfg = Debug|Any CPU
		{D845FBA6-E30F-4C66-9F72-88BE6BD77E22}.Debug|Any CPU.Build.0 = Debug|Any CPU
		{D845FBA6-E30F-4C66-9F72-88BE6BD77E22}.Release|Any CPU.ActiveCfg = Release|Any CPU
		{D845FBA6-E30F-4C66-9F72-88BE6BD77E22}.Release|Any CPU.Build.0 = Release|Any CPU
		{7C550CC2-8619-47D9-A2CD-CFC2FCD57077}.Debug|Any CPU.ActiveCfg = Debug|Any CPU
		{7C550CC2-8619-47D9-A2CD-CFC2FCD57077}.Debug|Any CPU.Build.0 = Debug|Any CPU
		{7C550CC2-8619-47D9-A2CD-CFC2FCD57077}.Release|Any CPU.ActiveCfg = Release|Any CPU
		{7C550CC2-8619-47D9-A2CD-CFC2FCD57077}.Release|Any CPU.Build.0 = Release|Any CPU
		{241A6532-69F3-4332-9147-22EF18C5D77F}.Debug|Any CPU.ActiveCfg = Debug|Any CPU
		{241A6532-69F3-4332-9147-22EF18C5D77F}.Debug|Any CPU.Build.0 = Debug|Any CPU
		{241A6532-69F3-4332-9147-22EF18C5D77F}.Release|Any CPU.ActiveCfg = Release|Any CPU
		{241A6532-69F3-4332-9147-22EF18C5D77F}.Release|Any CPU.Build.0 = Release|Any CPU
	EndGlobalSection
	GlobalSection(SolutionProperties) = preSolution
		HideSolutionNode = FALSE
	EndGlobalSection
	GlobalSection(ExtensibilityGlobals) = postSolution
		SolutionGuid = {7BA46ED1-B63F-435A-A8D9-99B26CCE7E92}
	EndGlobalSection
EndGlobal
